
Microsoft Visual Studio Solution File, Format Version 12.00
# Visual Studio Version 17
VisualStudioVersion = 17.13.35825.156 d17.13
MinimumVisualStudioVersion = 10.0.40219.1
Project("{FAE04EC0-301F-11D3-BF4B-00C04F79EFBC}") = "WebAPI", "WebAPI\WebAPI.csproj", "{141C50E5-D442-4568-97B7-F5E3A9A35ACF}"
EndProject
Project("{2150E333-8FDC-42A3-9474-1A3956D46DE8}") = "Tests", "Tests", "{8C0D6374-6E2E-422C-BA3A-6D36179E7366}"
EndProject
Project("{2150E333-8FDC-42A3-9474-1A3956D46DE8}") = "Products", "Products", "{3B9A555F-10BE-45CE-8F8C-B3BDECBE7FB9}"
EndProject
Project("{2150E333-8FDC-42A3-9474-1A3956D46DE8}") = "Orders", "Orders", "{D7D4C307-824A-4EDA-9DA7-3348D07B69C6}"
EndProject
Project("{2150E333-8FDC-42A3-9474-1A3956D46DE8}") = "Auth", "Auth", "{DD0BFB23-57A1-4D66-B4C4-463CFA042C89}"
EndProject
Project("{2150E333-8FDC-42A3-9474-1A3956D46DE8}") = "Common", "Common", "{02EA681E-C7D8-13C7-8484-4AC65E1B71E8}"
EndProject
Project("{FAE04EC0-301F-11D3-BF4B-00C04F79EFBC}") = "Auth.API", "Auth.API\Auth.API.csproj", "{A7574471-BC4E-415A-8D8F-2CA368C7E457}"
EndProject
Project("{FAE04EC0-301F-11D3-BF4B-00C04F79EFBC}") = "Auth.Application", "Auth.Application\Auth.Application.csproj", "{EAF64000-899B-4D02-97DA-0A9F02B2B831}"
EndProject
Project("{FAE04EC0-301F-11D3-BF4B-00C04F79EFBC}") = "Auth.Infrastructure", "Auth.Infrastructure\Auth.Infrastructure.csproj", "{FD3BED8E-3750-4C8E-84F9-CD0BDBF230CA}"
EndProject
Project("{FAE04EC0-301F-11D3-BF4B-00C04F79EFBC}") = "Auth.Domain", "Auth.Domain\Auth.Domain.csproj", "{E6E87D25-98D5-464A-80E2-255D869E58FD}"
EndProject
Project("{FAE04EC0-301F-11D3-BF4B-00C04F79EFBC}") = "Products.API", "Products.API\Products.API.csproj", "{2574AC0B-8F47-423D-AC4C-C755019AA7D5}"
EndProject
Project("{FAE04EC0-301F-11D3-BF4B-00C04F79EFBC}") = "Orders.API", "Orders.API\Orders.API.csproj", "{9C8220B0-C822-40BD-B2EE-A7009CEC7FE1}"
EndProject
Project("{FAE04EC0-301F-11D3-BF4B-00C04F79EFBC}") = "Products.Application", "Products.Application\Products.Application.csproj", "{18B9B9FF-1CA6-4811-98FA-C1FD582CCBF1}"
EndProject
Project("{FAE04EC0-301F-11D3-BF4B-00C04F79EFBC}") = "Products.Infrastructure", "Products.Infrastructure\Products.Infrastructure.csproj", "{D9DE1EE0-B9D3-4067-AA37-2FC657DB5001}"
EndProject
Project("{FAE04EC0-301F-11D3-BF4B-00C04F79EFBC}") = "Products.Domain", "Products.Domain\Products.Domain.csproj", "{37C4D0AA-2BFB-4820-83D5-CB3418B124E4}"
EndProject
Project("{FAE04EC0-301F-11D3-BF4B-00C04F79EFBC}") = "Orders.Domain", "Orders.Domain\Orders.Domain.csproj", "{68FE098E-2872-44B8-A3FF-56A82204C1CC}"
EndProject
Project("{FAE04EC0-301F-11D3-BF4B-00C04F79EFBC}") = "Orders.Application", "Orders.Application\Orders.Application.csproj", "{099247D2-6A11-4468-93E5-65592923E86D}"
EndProject
Project("{FAE04EC0-301F-11D3-BF4B-00C04F79EFBC}") = "Orders.Infrastructure", "Orders.Infrastructure\Orders.Infrastructure.csproj", "{9D68123B-33AA-47A1-BC70-544C8CF8441F}"
EndProject
Global
	GlobalSection(SolutionConfigurationPlatforms) = preSolution
		Debug|Any CPU = Debug|Any CPU
		Release|Any CPU = Release|Any CPU
	EndGlobalSection
	GlobalSection(ProjectConfigurationPlatforms) = postSolution
		{141C50E5-D442-4568-97B7-F5E3A9A35ACF}.Debug|Any CPU.ActiveCfg = Debug|Any CPU
		{141C50E5-D442-4568-97B7-F5E3A9A35ACF}.Debug|Any CPU.Build.0 = Debug|Any CPU
		{141C50E5-D442-4568-97B7-F5E3A9A35ACF}.Release|Any CPU.ActiveCfg = Release|Any CPU
		{141C50E5-D442-4568-97B7-F5E3A9A35ACF}.Release|Any CPU.Build.0 = Release|Any CPU
		{A7574471-BC4E-415A-8D8F-2CA368C7E457}.Debug|Any CPU.ActiveCfg = Debug|Any CPU
		{A7574471-BC4E-415A-8D8F-2CA368C7E457}.Debug|Any CPU.Build.0 = Debug|Any CPU
		{A7574471-BC4E-415A-8D8F-2CA368C7E457}.Release|Any CPU.ActiveCfg = Release|Any CPU
		{A7574471-BC4E-415A-8D8F-2CA368C7E457}.Release|Any CPU.Build.0 = Release|Any CPU
		{EAF64000-899B-4D02-97DA-0A9F02B2B831}.Debug|Any CPU.ActiveCfg = Debug|Any CPU
		{EAF64000-899B-4D02-97DA-0A9F02B2B831}.Debug|Any CPU.Build.0 = Debug|Any CPU
		{EAF64000-899B-4D02-97DA-0A9F02B2B831}.Release|Any CPU.ActiveCfg = Release|Any CPU
		{EAF64000-899B-4D02-97DA-0A9F02B2B831}.Release|Any CPU.Build.0 = Release|Any CPU
		{FD3BED8E-3750-4C8E-84F9-CD0BDBF230CA}.Debug|Any CPU.ActiveCfg = Debug|Any CPU
		{FD3BED8E-3750-4C8E-84F9-CD0BDBF230CA}.Debug|Any CPU.Build.0 = Debug|Any CPU
		{FD3BED8E-3750-4C8E-84F9-CD0BDBF230CA}.Release|Any CPU.ActiveCfg = Release|Any CPU
		{FD3BED8E-3750-4C8E-84F9-CD0BDBF230CA}.Release|Any CPU.Build.0 = Release|Any CPU
		{E6E87D25-98D5-464A-80E2-255D869E58FD}.Debug|Any CPU.ActiveCfg = Debug|Any CPU
		{E6E87D25-98D5-464A-80E2-255D869E58FD}.Debug|Any CPU.Build.0 = Debug|Any CPU
		{E6E87D25-98D5-464A-80E2-255D869E58FD}.Release|Any CPU.ActiveCfg = Release|Any CPU
		{E6E87D25-98D5-464A-80E2-255D869E58FD}.Release|Any CPU.Build.0 = Release|Any CPU
		{2574AC0B-8F47-423D-AC4C-C755019AA7D5}.Debug|Any CPU.ActiveCfg = Debug|Any CPU
		{2574AC0B-8F47-423D-AC4C-C755019AA7D5}.Debug|Any CPU.Build.0 = Debug|Any CPU
		{2574AC0B-8F47-423D-AC4C-C755019AA7D5}.Release|Any CPU.ActiveCfg = Release|Any CPU
		{2574AC0B-8F47-423D-AC4C-C755019AA7D5}.Release|Any CPU.Build.0 = Release|Any CPU
		{9C8220B0-C822-40BD-B2EE-A7009CEC7FE1}.Debug|Any CPU.ActiveCfg = Debug|Any CPU
		{9C8220B0-C822-40BD-B2EE-A7009CEC7FE1}.Debug|Any CPU.Build.0 = Debug|Any CPU
		{9C8220B0-C822-40BD-B2EE-A7009CEC7FE1}.Release|Any CPU.ActiveCfg = Release|Any CPU
		{9C8220B0-C822-40BD-B2EE-A7009CEC7FE1}.Release|Any CPU.Build.0 = Release|Any CPU
		{18B9B9FF-1CA6-4811-98FA-C1FD582CCBF1}.Debug|Any CPU.ActiveCfg = Debug|Any CPU
		{18B9B9FF-1CA6-4811-98FA-C1FD582CCBF1}.Debug|Any CPU.Build.0 = Debug|Any CPU
		{18B9B9FF-1CA6-4811-98FA-C1FD582CCBF1}.Release|Any CPU.ActiveCfg = Release|Any CPU
		{18B9B9FF-1CA6-4811-98FA-C1FD582CCBF1}.Release|Any CPU.Build.0 = Release|Any CPU
		{D9DE1EE0-B9D3-4067-AA37-2FC657DB5001}.Debug|Any CPU.ActiveCfg = Debug|Any CPU
		{D9DE1EE0-B9D3-4067-AA37-2FC657DB5001}.Debug|Any CPU.Build.0 = Debug|Any CPU
		{D9DE1EE0-B9D3-4067-AA37-2FC657DB5001}.Release|Any CPU.ActiveCfg = Release|Any CPU
		{D9DE1EE0-B9D3-4067-AA37-2FC657DB5001}.Release|Any CPU.Build.0 = Release|Any CPU
		{37C4D0AA-2BFB-4820-83D5-CB3418B124E4}.Debug|Any CPU.ActiveCfg = Debug|Any CPU
		{37C4D0AA-2BFB-4820-83D5-CB3418B124E4}.Debug|Any CPU.Build.0 = Debug|Any CPU
		{37C4D0AA-2BFB-4820-83D5-CB3418B124E4}.Release|Any CPU.ActiveCfg = Release|Any CPU
		{37C4D0AA-2BFB-4820-83D5-CB3418B124E4}.Release|Any CPU.Build.0 = Release|Any CPU
		{68FE098E-2872-44B8-A3FF-56A82204C1CC}.Debug|Any CPU.ActiveCfg = Debug|Any CPU
		{68FE098E-2872-44B8-A3FF-56A82204C1CC}.Debug|Any CPU.Build.0 = Debug|Any CPU
		{68FE098E-2872-44B8-A3FF-56A82204C1CC}.Release|Any CPU.ActiveCfg = Release|Any CPU
		{68FE098E-2872-44B8-A3FF-56A82204C1CC}.Release|Any CPU.Build.0 = Release|Any CPU
		{099247D2-6A11-4468-93E5-65592923E86D}.Debug|Any CPU.ActiveCfg = Debug|Any CPU
		{099247D2-6A11-4468-93E5-65592923E86D}.Debug|Any CPU.Build.0 = Debug|Any CPU
		{099247D2-6A11-4468-93E5-65592923E86D}.Release|Any CPU.ActiveCfg = Release|Any CPU
		{099247D2-6A11-4468-93E5-65592923E86D}.Release|Any CPU.Build.0 = Release|Any CPU
		{9D68123B-33AA-47A1-BC70-544C8CF8441F}.Debug|Any CPU.ActiveCfg = Debug|Any CPU
		{9D68123B-33AA-47A1-BC70-544C8CF8441F}.Debug|Any CPU.Build.0 = Debug|Any CPU
		{9D68123B-33AA-47A1-BC70-544C8CF8441F}.Release|Any CPU.ActiveCfg = Release|Any CPU
		{9D68123B-33AA-47A1-BC70-544C8CF8441F}.Release|Any CPU.Build.0 = Release|Any CPU
	EndGlobalSection
	GlobalSection(SolutionProperties) = preSolution
		HideSolutionNode = FALSE
	EndGlobalSection
	GlobalSection(NestedProjects) = preSolution
		{A7574471-BC4E-415A-8D8F-2CA368C7E457} = {DD0BFB23-57A1-4D66-B4C4-463CFA042C89}
		{EAF64000-899B-4D02-97DA-0A9F02B2B831} = {DD0BFB23-57A1-4D66-B4C4-463CFA042C89}
		{FD3BED8E-3750-4C8E-84F9-CD0BDBF230CA} = {DD0BFB23-57A1-4D66-B4C4-463CFA042C89}
		{E6E87D25-98D5-464A-80E2-255D869E58FD} = {DD0BFB23-57A1-4D66-B4C4-463CFA042C89}
		{2574AC0B-8F47-423D-AC4C-C755019AA7D5} = {3B9A555F-10BE-45CE-8F8C-B3BDECBE7FB9}
		{9C8220B0-C822-40BD-B2EE-A7009CEC7FE1} = {D7D4C307-824A-4EDA-9DA7-3348D07B69C6}
		{18B9B9FF-1CA6-4811-98FA-C1FD582CCBF1} = {3B9A555F-10BE-45CE-8F8C-B3BDECBE7FB9}
		{D9DE1EE0-B9D3-4067-AA37-2FC657DB5001} = {3B9A555F-10BE-45CE-8F8C-B3BDECBE7FB9}
		{37C4D0AA-2BFB-4820-83D5-CB3418B124E4} = {3B9A555F-10BE-45CE-8F8C-B3BDECBE7FB9}
		{68FE098E-2872-44B8-A3FF-56A82204C1CC} = {D7D4C307-824A-4EDA-9DA7-3348D07B69C6}
		{099247D2-6A11-4468-93E5-65592923E86D} = {D7D4C307-824A-4EDA-9DA7-3348D07B69C6}
		{9D68123B-33AA-47A1-BC70-544C8CF8441F} = {D7D4C307-824A-4EDA-9DA7-3348D07B69C6}
	EndGlobalSection
	GlobalSection(ExtensibilityGlobals) = postSolution
		SolutionGuid = {A1A3F8BC-C864-4158-9FA1-9CBC7BAFE762}
	EndGlobalSection
EndGlobal
